version: 2.0
shards:
  anyolite:
    git: https://github.com/anyolite/anyolite.git
    version: 0.15.0+git.commit.01dde1d72509e2285c49d71185ac2ba801ee316a

  crsfml:
    git: https://github.com/oprypin/crsfml.git
    version: 2.5.2+git.commit.520a07005392b6ae32f3de674911605d8173d59d

  imgui:
    git: https://github.com/oprypin/crystal-imgui.git
    version: 0.1.0+git.commit.3c577079d1319e80e79a0b739439fc3b53c5011f

  imgui-sfml:
    git: https://github.com/oprypin/crystal-imgui-sfml.git
    version: 2.1.0+git.commit.73e03608837b3690cea9c9df0b95d1626c50c38e

