version: 2.0
shards:
  anyolite:
    git: https://github.com/anyolite/anyolite.git
    version: 0.15.0+git.commit.b8de7295213fd4fa54583e15d89b3f0fb0aa6a9b

  crsfml:
    git: https://github.com/oprypin/crsfml.git
    version: 2.5.2+git.commit.520a07005392b6ae32f3de674911605d8173d59d

  imgui:
    git: https://github.com/oprypin/crystal-imgui.git
    version: 0.1.0+git.commit.caddaba8bb93d16aa76dfe0212aea290e8126f8c

  imgui-sfml:
    git: https://github.com/oprypin/crystal-imgui-sfml.git
    version: 2.1.0+git.commit.3b46a09ff099116115820f011e5b399745d28eba

